
Microsoft Visual Studio Solution File, Format Version 12.00
# Visual Studio 15
VisualStudioVersion = 15.0.28010.2048
MinimumVisualStudioVersion = 10.0.40219.1
Project("{FAE04EC0-301F-11D3-BF4B-00C04F79EFBC}") = "ConsoleApp1", "ConsoleApp1\ConsoleApp1.csproj", "{90127765-D102-4A58-B8E6-B65D0461617B}"
EndProject
Project("{FAE04EC0-301F-11D3-BF4B-00C04F79EFBC}") = "ConsoleApp2", "ConsoleApp2\ConsoleApp2.csproj", "{FF1FE82C-0D4C-4BD8-B655-17B515344829}"
EndProject
Global
	GlobalSection(SolutionConfigurationPlatforms) = preSolution
		Debug|Any CPU = Debug|Any CPU
		Release|Any CPU = Release|Any CPU
	EndGlobalSection
	GlobalSection(ProjectConfigurationPlatforms) = postSolution
		{90127765-D102-4A58-B8E6-B65D0461617B}.Debug|Any CPU.ActiveCfg = Debug|Any CPU
		{90127765-D102-4A58-B8E6-B65D0461617B}.Debug|Any CPU.Build.0 = Debug|Any CPU
		{90127765-D102-4A58-B8E6-B65D0461617B}.Release|Any CPU.ActiveCfg = Release|Any CPU
		{90127765-D102-4A58-B8E6-B65D0461617B}.Release|Any CPU.Build.0 = Release|Any CPU
		{FF1FE82C-0D4C-4BD8-B655-17B515344829}.Debug|Any CPU.ActiveCfg = Debug|Any CPU
		{FF1FE82C-0D4C-4BD8-B655-17B515344829}.Debug|Any CPU.Build.0 = Debug|Any CPU
		{FF1FE82C-0D4C-4BD8-B655-17B515344829}.Release|Any CPU.ActiveCfg = Release|Any CPU
		{FF1FE82C-0D4C-4BD8-B655-17B515344829}.Release|Any CPU.Build.0 = Release|Any CPU
	EndGlobalSection
	GlobalSection(SolutionProperties) = preSolution
		HideSolutionNode = FALSE
	EndGlobalSection
	GlobalSection(ExtensibilityGlobals) = postSolution
		SolutionGuid = {94C72FE8-0361-4F43-9EA5-6CB49A995ABB}
	EndGlobalSection
EndGlobal
